[[package]]
name = "certifi"
version = "2021.10.8"
description = "Python package for providing Mozilla's CA Bundle."
category = "main"
optional = false
python-versions = "*"

[[package]]
name = "charset-normalizer"
version = "2.0.12"
description = "The Real First Universal Charset Detector. Open, modern and actively maintained alternative to Chardet."
category = "main"
optional = false
python-versions = ">=3.5.0"

[package.extras]
unicode_backport = ["unicodedata2"]

[[package]]
name = "click"
version = "8.1.3"
description = "Composable command line interface toolkit"
category = "main"
optional = false
python-versions = ">=3.7"

[package.dependencies]
colorama = {version = "*", markers = "platform_system == \"Windows\""}

[[package]]
name = "colorama"
version = "0.4.4"
description = "Cross-platform colored terminal text."
category = "main"
optional = false
python-versions = ">=2.7, !=3.0.*, !=3.1.*, !=3.2.*, !=3.3.*, !=3.4.*"

[[package]]
name = "flask"
version = "2.1.2"
description = "A simple framework for building complex web applications."
category = "main"
optional = false
python-versions = ">=3.7"

[package.dependencies]
click = ">=8.0"
importlib-metadata = {version = ">=3.6.0", markers = "python_version < \"3.10\""}
itsdangerous = ">=2.0"
Jinja2 = ">=3.0"
Werkzeug = ">=2.0"

[package.extras]
async = ["asgiref (>=3.2)"]
dotenv = ["python-dotenv"]

[[package]]
name = "flask-cors"
version = "3.0.10"
description = "A Flask extension adding a decorator for CORS support"
category = "main"
optional = false
python-versions = "*"

[package.dependencies]
Flask = ">=0.9"
Six = "*"

[[package]]
name = "flask-sqlalchemy"
version = "2.5.1"
description = "Adds SQLAlchemy support to your Flask application."
category = "main"
optional = false
python-versions = ">= 2.7, != 3.0.*, != 3.1.*, != 3.2.*, != 3.3.*"

[package.dependencies]
Flask = ">=0.10"
SQLAlchemy = ">=0.8.0"

[[package]]
name = "github-flask"
version = "3.2.0"
description = "GitHub extension for Flask microframework"
category = "main"
optional = false
python-versions = "*"

[package.dependencies]
Flask = "*"
requests = "*"

[[package]]
name = "greenlet"
version = "1.1.2"
description = "Lightweight in-process concurrent programming"
category = "main"
optional = false
python-versions = ">=2.7,!=3.0.*,!=3.1.*,!=3.2.*,!=3.3.*,!=3.4.*"

[package.extras]
docs = ["sphinx"]

[[package]]
name = "idna"
version = "3.3"
description = "Internationalized Domain Names in Applications (IDNA)"
category = "main"
optional = false
python-versions = ">=3.5"

[[package]]
name = "importlib-metadata"
version = "4.11.3"
description = "Read metadata from Python packages"
category = "main"
optional = false
python-versions = ">=3.7"

[package.dependencies]
zipp = ">=0.5"

[package.extras]
docs = ["sphinx", "jaraco.packaging (>=9)", "rst.linker (>=1.9)"]
perf = ["ipython"]
testing = ["pytest (>=6)", "pytest-checkdocs (>=2.4)", "pytest-flake8", "pytest-cov", "pytest-enabler (>=1.0.1)", "packaging", "pyfakefs", "flufl.flake8", "pytest-perf (>=0.9.2)", "pytest-black (>=0.3.7)", "pytest-mypy (>=0.9.1)", "importlib-resources (>=1.3)"]

[[package]]
name = "itsdangerous"
version = "2.1.2"
description = "Safely pass data to untrusted environments and back."
category = "main"
optional = false
python-versions = ">=3.7"

[[package]]
name = "jinja2"
version = "3.1.2"
description = "A very fast and expressive template engine."
category = "main"
optional = false
python-versions = ">=3.7"

[package.dependencies]
MarkupSafe = ">=2.0"

[package.extras]
i18n = ["Babel (>=2.7)"]

[[package]]
name = "markupsafe"
version = "2.1.1"
description = "Safely add untrusted strings to HTML/XML markup."
category = "main"
optional = false
python-versions = ">=3.7"

[[package]]
name = "numpy"
version = "1.22.3"
description = "NumPy is the fundamental package for array computing with Python."
category = "main"
optional = false
python-versions = ">=3.8"

[[package]]
name = "python-dateutil"
version = "2.8.2"
description = "Extensions to the standard Python datetime module"
category = "main"
optional = false
python-versions = "!=3.0.*,!=3.1.*,!=3.2.*,>=2.7"

[package.dependencies]
six = ">=1.5"

[[package]]
name = "requests"
version = "2.27.1"
description = "Python HTTP for Humans."
category = "main"
optional = false
python-versions = ">=2.7, !=3.0.*, !=3.1.*, !=3.2.*, !=3.3.*, !=3.4.*, !=3.5.*"

[package.dependencies]
certifi = ">=2017.4.17"
charset-normalizer = {version = ">=2.0.0,<2.1.0", markers = "python_version >= \"3\""}
idna = {version = ">=2.5,<4", markers = "python_version >= \"3\""}
urllib3 = ">=1.21.1,<1.27"

[package.extras]
socks = ["PySocks (>=1.5.6,!=1.5.7)", "win-inet-pton"]
use_chardet_on_py3 = ["chardet (>=3.0.2,<5)"]

[[package]]
name = "six"
version = "1.16.0"
description = "Python 2 and 3 compatibility utilities"
category = "main"
optional = false
python-versions = ">=2.7, !=3.0.*, !=3.1.*, !=3.2.*"

[[package]]
name = "sqlalchemy"
version = "2.0.29"
description = "Database Abstraction Library"
category = "main"
optional = false
python-versions = ">=3.7"

[package.dependencies]
greenlet = {version = "!=0.4.17", markers = "platform_machine == \"aarch64\" or platform_machine == \"ppc64le\" or platform_machine == \"x86_64\" or platform_machine == \"amd64\" or platform_machine == \"AMD64\" or platform_machine == \"win32\" or platform_machine == \"WIN32\""}
typing-extensions = ">=4.6.0"

[package.extras]
asyncio = ["greenlet (!=0.4.17)"]
mypy = ["mypy (>=0.910)"]
mssql = ["pyodbc"]
mssql-pymssql = ["pymssql"]
mssql-pyodbc = ["pyodbc"]
mysql = ["mysqlclient (>=1.4.0)"]
mysql-connector = ["mysql-connector-python"]
mariadb-connector = ["mariadb (>=1.0.1,!=1.1.2,!=1.1.5)"]
oracle = ["cx_oracle (>=8)"]
oracle-oracledb = ["oracledb (>=1.0.1)"]
postgresql = ["psycopg2 (>=2.7)"]
postgresql-pg8000 = ["pg8000 (>=1.29.1)"]
postgresql-asyncpg = ["greenlet (!=0.4.17)", "asyncpg"]
postgresql-psycopg2binary = ["psycopg2-binary"]
postgresql-psycopg2cffi = ["psycopg2cffi"]
postgresql-psycopg = ["psycopg (>=3.0.7)"]
postgresql-psycopgbinary = ["psycopg[binary] (>=3.0.7)"]
pymysql = ["pymysql"]
aiomysql = ["greenlet (!=0.4.17)", "aiomysql (>=0.2.0)"]
aioodbc = ["greenlet (!=0.4.17)", "aioodbc"]
asyncmy = ["greenlet (!=0.4.17)", "asyncmy (>=0.2.3,!=0.2.4,!=0.2.6)"]
aiosqlite = ["greenlet (!=0.4.17)", "aiosqlite", "typing_extensions (!=3.10.0.1)"]
sqlcipher = ["sqlcipher3-binary"]

[[package]]
name = "typing-extensions"
version = "4.10.0"
description = "Backported and Experimental Type Hints for Python 3.8+"
category = "main"
optional = false
python-versions = ">=3.8"

[[package]]
name = "urllib3"
version = "1.26.9"
description = "HTTP library with thread-safe connection pooling, file post, and more."
category = "main"
optional = false
python-versions = ">=2.7, !=3.0.*, !=3.1.*, !=3.2.*, !=3.3.*, !=3.4.*, <4"

[package.extras]
brotli = ["brotlicffi (>=0.8.0)", "brotli (>=1.0.9)", "brotlipy (>=0.6.0)"]
secure = ["pyOpenSSL (>=0.14)", "cryptography (>=1.3.4)", "idna (>=2.0.0)", "certifi", "ipaddress"]
socks = ["PySocks (>=1.5.6,!=1.5.7,<2.0)"]

[[package]]
name = "vadersentiment"
version = "3.3.2"
description = "VADER Sentiment Analysis. VADER (Valence Aware Dictionary and sEntiment Reasoner) is a lexicon and rule-based sentiment analysis tool that is specifically attuned to sentiments expressed in social media, and works well on texts from other domains."
category = "main"
optional = false
python-versions = "*"

[package.dependencies]
requests = "*"

[[package]]
name = "werkzeug"
version = "2.1.2"
description = "The comprehensive WSGI web application library."
category = "main"
optional = false
python-versions = ">=3.7"

[package.extras]
watchdog = ["watchdog"]

[[package]]
name = "zipp"
version = "3.8.0"
description = "Backport of pathlib-compatible object wrapper for zip files"
category = "main"
optional = false
python-versions = ">=3.7"

[package.extras]
docs = ["sphinx", "jaraco.packaging (>=9)", "rst.linker (>=1.9)"]
testing = ["pytest (>=6)", "pytest-checkdocs (>=2.4)", "pytest-flake8", "pytest-cov", "pytest-enabler (>=1.0.1)", "jaraco.itertools", "func-timeout", "pytest-black (>=0.3.7)", "pytest-mypy (>=0.9.1)"]

[metadata]
lock-version = "1.1"
python-versions = ">=3.8.0,<3.9"
content-hash = "1b23e1fff9bcf4df7a59e5208bc2c42cded9eda02018c516a0da09abb12eb0c4"

[metadata.files]
certifi = []
charset-normalizer = []
click = []
colorama = []
flask = []
flask-cors = []
flask-sqlalchemy = []
github-flask = []
greenlet = []
idna = []
importlib-metadata = []
itsdangerous = []
jinja2 = []
markupsafe = []
numpy = []
python-dateutil = []
requests = []
six = []
sqlalchemy = [
    {file = "SQLAlchemy-2.0.29-cp310-cp310-macosx_10_9_x86_64.whl", hash = "sha256:4c142852ae192e9fe5aad5c350ea6befe9db14370b34047e1f0f7cf99e63c63b"},
    {file = "SQLAlchemy-2.0.29-cp310-cp310-macosx_11_0_arm64.whl", hash = "sha256:99a1e69d4e26f71e750e9ad6fdc8614fbddb67cfe2173a3628a2566034e223c7"},
    {file = "SQLAlchemy-2.0.29-cp310-cp310-manylinux_2_17_aarch64.manylinux2014_aarch64.whl", hash = "sha256:5ef3fbccb4058355053c51b82fd3501a6e13dd808c8d8cd2561e610c5456013c"},
    {file = "SQLAlchemy-2.0.29-cp310-cp310-manylinux_2_17_x86_64.manylinux2014_x86_64.whl", hash = "sha256:9d6753305936eddc8ed190e006b7bb33a8f50b9854823485eed3a886857ab8d1"},
    {file = "SQLAlchemy-2.0.29-cp310-cp310-musllinux_1_1_aarch64.whl", hash = "sha256:0f3ca96af060a5250a8ad5a63699180bc780c2edf8abf96c58af175921df847a"},
    {file = "SQLAlchemy-2.0.29-cp310-cp310-musllinux_1_1_x86_64.whl", hash = "sha256:c4520047006b1d3f0d89e0532978c0688219857eb2fee7c48052560ae76aca1e"},
    {file = "SQLAlchemy-2.0.29-cp310-cp310-win32.whl", hash = "sha256:b2a0e3cf0caac2085ff172c3faacd1e00c376e6884b5bc4dd5b6b84623e29e4f"},
    {file = "SQLAlchemy-2.0.29-cp310-cp310-win_amd64.whl", hash = "sha256:01d10638a37460616708062a40c7b55f73e4d35eaa146781c683e0fa7f6c43fb"},
    {file = "SQLAlchemy-2.0.29-cp311-cp311-macosx_10_9_x86_64.whl", hash = "sha256:308ef9cb41d099099fffc9d35781638986870b29f744382904bf9c7dadd08513"},
    {file = "SQLAlchemy-2.0.29-cp311-cp311-macosx_11_0_arm64.whl", hash = "sha256:296195df68326a48385e7a96e877bc19aa210e485fa381c5246bc0234c36c78e"},
    {file = "SQLAlchemy-2.0.29-cp311-cp311-manylinux_2_17_aarch64.manylinux2014_aarch64.whl", hash = "sha256:a13b917b4ffe5a0a31b83d051d60477819ddf18276852ea68037a144a506efb9"},
    {file = "SQLAlchemy-2.0.29-cp311-cp311-manylinux_2_17_x86_64.manylinux2014_x86_64.whl", hash = "sha256:4f6d971255d9ddbd3189e2e79d743ff4845c07f0633adfd1de3f63d930dbe673"},
    {file = "SQLAlchemy-2.0.29-cp311-cp311-musllinux_1_1_aarch64.whl", hash = "sha256:61405ea2d563407d316c63a7b5271ae5d274a2a9fbcd01b0aa5503635699fa1e"},
    {file = "SQLAlchemy-2.0.29-cp311-cp311-musllinux_1_1_x86_64.whl", hash = "sha256:de7202ffe4d4a8c1e3cde1c03e01c1a3772c92858837e8f3879b497158e4cb44"},
    {file = "SQLAlchemy-2.0.29-cp311-cp311-win32.whl", hash = "sha256:b5d7ed79df55a731749ce65ec20d666d82b185fa4898430b17cb90c892741520"},
    {file = "SQLAlchemy-2.0.29-cp311-cp311-win_amd64.whl", hash = "sha256:205f5a2b39d7c380cbc3b5dcc8f2762fb5bcb716838e2d26ccbc54330775b003"},
    {file = "SQLAlchemy-2.0.29-cp312-cp312-macosx_10_9_x86_64.whl", hash = "sha256:d96710d834a6fb31e21381c6d7b76ec729bd08c75a25a5184b1089141356171f"},
    {file = "SQLAlchemy-2.0.29-cp312-cp312-macosx_11_0_arm64.whl", hash = "sha256:52de4736404e53c5c6a91ef2698c01e52333988ebdc218f14c833237a0804f1b"},
    {file = "SQLAlchemy-2.0.29-cp312-cp312-manylinux_2_17_aarch64.manylinux2014_aarch64.whl", hash = "sha256:5c7b02525ede2a164c5fa5014915ba3591730f2cc831f5be9ff3b7fd3e30958e"},
    {file = "SQLAlchemy-2.0.29-cp312-cp312-manylinux_2_17_x86_64.manylinux2014_x86_64.whl", hash = "sha256:0dfefdb3e54cd15f5d56fd5ae32f1da2d95d78319c1f6dfb9bcd0eb15d603d5d"},
    {file = "SQLAlchemy-2.0.29-cp312-cp312-musllinux_1_1_aarch64.whl", hash = "sha256:a88913000da9205b13f6f195f0813b6ffd8a0c0c2bd58d499e00a30eb508870c"},
    {file = "SQLAlchemy-2.0.29-cp312-cp312-musllinux_1_1_x86_64.whl", hash = "sha256:fecd5089c4be1bcc37c35e9aa678938d2888845a134dd016de457b942cf5a758"},
    {file = "SQLAlchemy-2.0.29-cp312-cp312-win32.whl", hash = "sha256:8197d6f7a3d2b468861ebb4c9f998b9df9e358d6e1cf9c2a01061cb9b6cf4e41"},
    {file = "SQLAlchemy-2.0.29-cp312-cp312-win_amd64.whl", hash = "sha256:9b19836ccca0d321e237560e475fd99c3d8655d03da80c845c4da20dda31b6e1"},
    {file = "SQLAlchemy-2.0.29-cp37-cp37m-macosx_10_9_x86_64.whl", hash = "sha256:87a1d53a5382cdbbf4b7619f107cc862c1b0a4feb29000922db72e5a66a5ffc0"},
    {file = "SQLAlchemy-2.0.29-cp37-cp37m-manylinux_2_17_aarch64.manylinux2014_aarch64.whl", hash = "sha256:2a0732dffe32333211801b28339d2a0babc1971bc90a983e3035e7b0d6f06b93"},
    {file = "SQLAlchemy-2.0.29-cp37-cp37m-manylinux_2_17_x86_64.manylinux2014_x86_64.whl", hash = "sha256:90453597a753322d6aa770c5935887ab1fc49cc4c4fdd436901308383d698b4b"},
    {file = "SQLAlchemy-2.0.29-cp37-cp37m-musllinux_1_1_aarch64.whl", hash = "sha256:ea311d4ee9a8fa67f139c088ae9f905fcf0277d6cd75c310a21a88bf85e130f5"},
    {file = "SQLAlchemy-2.0.29-cp37-cp37m-musllinux_1_1_x86_64.whl", hash = "sha256:5f20cb0a63a3e0ec4e169aa8890e32b949c8145983afa13a708bc4b0a1f30e03"},
    {file = "SQLAlchemy-2.0.29-cp37-cp37m-win32.whl", hash = "sha256:e5bbe55e8552019c6463709b39634a5fc55e080d0827e2a3a11e18eb73f5cdbd"},
    {file = "SQLAlchemy-2.0.29-cp37-cp37m-win_amd64.whl", hash = "sha256:c2f9c762a2735600654c654bf48dad388b888f8ce387b095806480e6e4ff6907"},
    {file = "SQLAlchemy-2.0.29-cp38-cp38-macosx_10_9_x86_64.whl", hash = "sha256:7e614d7a25a43a9f54fcce4675c12761b248547f3d41b195e8010ca7297c369c"},
    {file = "SQLAlchemy-2.0.29-cp38-cp38-macosx_11_0_arm64.whl", hash = "sha256:471fcb39c6adf37f820350c28aac4a7df9d3940c6548b624a642852e727ea586"},
    {file = "SQLAlchemy-2.0.29-cp38-cp38-manylinux_2_17_aarch64.manylinux2014_aarch64.whl", hash = "sha256:988569c8732f54ad3234cf9c561364221a9e943b78dc7a4aaf35ccc2265f1930"},
    {file = "SQLAlchemy-2.0.29-cp38-cp38-manylinux_2_17_x86_64.manylinux2014_x86_64.whl", hash = "sha256:dddaae9b81c88083e6437de95c41e86823d150f4ee94bf24e158a4526cbead01"},
    {file = "SQLAlchemy-2.0.29-cp38-cp38-musllinux_1_1_aarch64.whl", hash = "sha256:334184d1ab8f4c87f9652b048af3f7abea1c809dfe526fb0435348a6fef3d380"},
    {file = "SQLAlchemy-2.0.29-cp38-cp38-musllinux_1_1_x86_64.whl", hash = "sha256:38b624e5cf02a69b113c8047cf7f66b5dfe4a2ca07ff8b8716da4f1b3ae81567"},
    {file = "SQLAlchemy-2.0.29-cp38-cp38-win32.whl", hash = "sha256:bab41acf151cd68bc2b466deae5deeb9e8ae9c50ad113444151ad965d5bf685b"},
    {file = "SQLAlchemy-2.0.29-cp38-cp38-win_amd64.whl", hash = "sha256:52c8011088305476691b8750c60e03b87910a123cfd9ad48576d6414b6ec2a1d"},
    {file = "SQLAlchemy-2.0.29-cp39-cp39-macosx_10_9_x86_64.whl", hash = "sha256:3071ad498896907a5ef756206b9dc750f8e57352113c19272bdfdc429c7bd7de"},
    {file = "SQLAlchemy-2.0.29-cp39-cp39-macosx_11_0_arm64.whl", hash = "sha256:dba622396a3170974f81bad49aacebd243455ec3cc70615aeaef9e9613b5bca5"},
    {file = "SQLAlchemy-2.0.29-cp39-cp39-manylinux_2_17_aarch64.manylinux2014_aarch64.whl", hash = "sha256:7b184e3de58009cc0bf32e20f137f1ec75a32470f5fede06c58f6c355ed42a72"},
    {file = "SQLAlchemy-2.0.29-cp39-cp39-manylinux_2_17_x86_64.manylinux2014_x86_64.whl", hash = "sha256:8c37f1050feb91f3d6c32f864d8e114ff5545a4a7afe56778d76a9aec62638ba"},
    {file = "SQLAlchemy-2.0.29-cp39-cp39-musllinux_1_1_aarch64.whl", hash = "sha256:bda7ce59b06d0f09afe22c56714c65c957b1068dee3d5e74d743edec7daba552"},
    {file = "SQLAlchemy-2.0.29-cp39-cp39-musllinux_1_1_x86_64.whl", hash = "sha256:25664e18bef6dc45015b08f99c63952a53a0a61f61f2e48a9e70cec27e55f699"},
    {file = "SQLAlchemy-2.0.29-cp39-cp39-win32.whl", hash = "sha256:77d29cb6c34b14af8a484e831ab530c0f7188f8efed1c6a833a2c674bf3c26ec"},
    {file = "SQLAlchemy-2.0.29-cp39-cp39-win_amd64.whl", hash = "sha256:04c487305ab035a9548f573763915189fc0fe0824d9ba28433196f8436f1449c"},
    {file = "SQLAlchemy-2.0.29-py3-none-any.whl", hash = "sha256:dc4ee2d4ee43251905f88637d5281a8d52e916a021384ec10758826f5cbae305"},
    {file = "SQLAlchemy-2.0.29.tar.gz", hash = "sha256:bd9566b8e58cabd700bc367b60e90d9349cd16f0984973f98a9a09f9c64e86f0"},
]
typing-extensions = [
    {file = "typing_extensions-4.10.0-py3-none-any.whl", hash = "sha256:69b1a937c3a517342112fb4c6df7e72fc39a38e7891a5730ed4985b5214b5475"},
    {file = "typing_extensions-4.10.0.tar.gz", hash = "sha256:b0abd7c89e8fb96f98db18d86106ff1d90ab692004eb746cf6eda2682f91b3cb"},
]
urllib3 = []
vadersentiment = []
werkzeug = []
zipp = []
